
Microsoft Visual Studio Solution File, Format Version 12.00
# Visual Studio 15
VisualStudioVersion = 15.0.28307.1062
MinimumVisualStudioVersion = 10.0.40219.1
Project("{FAE04EC0-301F-11D3-BF4B-00C04F79EFBC}") = "PDVCPP01.000", "PDVCPP01.000\PDVCPP01.000.csproj", "{3989693C-A234-493D-8017-459A3CD242E3}"
EndProject
Project("{54435603-DBB4-11D2-8724-00A0C9A8B90C}") = "PDVCPP01.000.Install", "PDVCPP01.000.Install\PDVCPP01.000.Install.vdproj", "{79FECC32-CA1D-4826-B1A5-0B184F8D845D}"
EndProject
Global
	GlobalSection(SolutionConfigurationPlatforms) = preSolution
		Debug|Any CPU = Debug|Any CPU
		Release|Any CPU = Release|Any CPU
	EndGlobalSection
	GlobalSection(ProjectConfigurationPlatforms) = postSolution
		{3989693C-A234-493D-8017-459A3CD242E3}.Debug|Any CPU.ActiveCfg = Debug|Any CPU
		{3989693C-A234-493D-8017-459A3CD242E3}.Debug|Any CPU.Build.0 = Debug|Any CPU
		{3989693C-A234-493D-8017-459A3CD242E3}.Release|Any CPU.ActiveCfg = Release|Any CPU
		{3989693C-A234-493D-8017-459A3CD242E3}.Release|Any CPU.Build.0 = Release|Any CPU
		{79FECC32-CA1D-4826-B1A5-0B184F8D845D}.Debug|Any CPU.ActiveCfg = Debug
		{79FECC32-CA1D-4826-B1A5-0B184F8D845D}.Release|Any CPU.ActiveCfg = Release
	EndGlobalSection
	GlobalSection(SolutionProperties) = preSolution
		HideSolutionNode = FALSE
	EndGlobalSection
	GlobalSection(ExtensibilityGlobals) = postSolution
		SolutionGuid = {3446FDA0-3E24-461A-9F5A-B1C233027F1F}
	EndGlobalSection
EndGlobal
